
Microsoft Visual Studio Solution File, Format Version 12.00
# Visual Studio 2012
Project("{FAE04EC0-301F-11D3-BF4B-00C04F79EFBC}") = "Kendo.Mvc.Plugins.Examples", "Examples\Kendo.Mvc.Plugins.Examples.csproj", "{DE59FC7B-BE37-48AB-B642-226B00699111}"
EndProject
Project("{FAE04EC0-301F-11D3-BF4B-00C04F79EFBC}") = "Kendo.Mvc.Plugins", "Source\Kendo.Mvc.Plugins.csproj", "{7CF57FAC-38C9-4B88-A74A-E54F16B74051}"
EndProject
Global
	GlobalSection(SolutionConfigurationPlatforms) = preSolution
		Debug|Any CPU = Debug|Any CPU
		Release|Any CPU = Release|Any CPU
	EndGlobalSection
	GlobalSection(ProjectConfigurationPlatforms) = postSolution
		{DE59FC7B-BE37-48AB-B642-226B00699111}.Debug|Any CPU.ActiveCfg = Debug|Any CPU
		{DE59FC7B-BE37-48AB-B642-226B00699111}.Debug|Any CPU.Build.0 = Debug|Any CPU
		{DE59FC7B-BE37-48AB-B642-226B00699111}.Release|Any CPU.ActiveCfg = Release|Any CPU
		{DE59FC7B-BE37-48AB-B642-226B00699111}.Release|Any CPU.Build.0 = Release|Any CPU
		{7CF57FAC-38C9-4B88-A74A-E54F16B74051}.Debug|Any CPU.ActiveCfg = Debug|Any CPU
		{7CF57FAC-38C9-4B88-A74A-E54F16B74051}.Debug|Any CPU.Build.0 = Debug|Any CPU
		{7CF57FAC-38C9-4B88-A74A-E54F16B74051}.Release|Any CPU.ActiveCfg = Release|Any CPU
		{7CF57FAC-38C9-4B88-A74A-E54F16B74051}.Release|Any CPU.Build.0 = Release|Any CPU
	EndGlobalSection
	GlobalSection(SolutionProperties) = preSolution
		HideSolutionNode = FALSE
	EndGlobalSection
EndGlobal
